
Microsoft Visual Studio Solution File, Format Version 12.00
# Visual Studio Version 17
VisualStudioVersion = 17.4.33110.190
MinimumVisualStudioVersion = 10.0.40219.1
Project("{54A90642-561A-4BB1-A94E-469ADEE60C69}") = "frontend", "FrontEnd\frontend.esproj", "{75639044-DA86-45C6-A8FC-C5D35881A55F}"
EndProject
Project("{9A19103F-16F7-4668-BE54-9A1E7A4F7556}") = "APIGateway", "APIGateway\APIGateway.csproj", "{E4323B75-12E6-4AD1-B3E1-8FE203B0012C}"
EndProject
Project("{9A19103F-16F7-4668-BE54-9A1E7A4F7556}") = "WebAPI", "Apis\SecurityAPI\WebAPI.csproj", "{ACE63B17-0ED6-4941-AB59-4962C19EEF99}"
EndProject
Project("{2150E333-8FDC-42A3-9474-1A3956D46DE8}") = "UI", "UI", "{31DBACFE-9908-453C-BD97-C8E9F84BDDC3}"
EndProject
Project("{2150E333-8FDC-42A3-9474-1A3956D46DE8}") = "API Gateway", "API Gateway", "{1A97BB48-AC6D-462D-B4B9-87701202D4AF}"
EndProject
Project("{2150E333-8FDC-42A3-9474-1A3956D46DE8}") = "Services", "Services", "{AD918D43-1049-49BC-B130-E14D1D37698E}"
EndProject
Project("{2150E333-8FDC-42A3-9474-1A3956D46DE8}") = "API", "API", "{87A22F95-343F-49BE-80A4-852B3233CEB7}"
EndProject
Project("{2150E333-8FDC-42A3-9474-1A3956D46DE8}") = "Data", "Data", "{7E3AF9A6-8DEB-4A8A-A6FB-A5B6C978356C}"
EndProject
Project("{9A19103F-16F7-4668-BE54-9A1E7A4F7556}") = "Database", "Infrastructure\Database\Database.csproj", "{F342C1E7-0041-4FE1-8D7C-FBA591F06BE0}"
EndProject
Project("{2150E333-8FDC-42A3-9474-1A3956D46DE8}") = "Shared", "Shared", "{318D7960-49DB-4968-A759-B6C1310805D2}"
EndProject
Project("{9A19103F-16F7-4668-BE54-9A1E7A4F7556}") = "Security", "Services\SecurityService\Security.csproj", "{D0DF433F-3BD4-4F3B-82FE-F3B4516A9CE9}"
EndProject
Project("{9A19103F-16F7-4668-BE54-9A1E7A4F7556}") = "Database.Repositories", "Infrastructure\Database.Repositories\Database.Repositories.csproj", "{945ABF2C-3E0D-4DA6-8574-91FDB98ADCC2}"
EndProject
Project("{9A19103F-16F7-4668-BE54-9A1E7A4F7556}") = "SecurityHelper", "Shared\SecurityHelper\SecurityHelper.csproj", "{F8F06EF7-CC7E-4DC8-B51C-34FC79FF8D49}"
EndProject
Project("{9A19103F-16F7-4668-BE54-9A1E7A4F7556}") = "Models", "Shared\Models\Models.csproj", "{864AF730-E745-46AA-A3A9-99A371186912}"
EndProject
Project("{FAE04EC0-301F-11D3-BF4B-00C04F79EFBC}") = "CustomerService", "Services\CustomerService\CustomerService.csproj", "{C8A074E3-4ECB-4382-8B85-5CACCF4687F0}"
EndProject
Project("{9A19103F-16F7-4668-BE54-9A1E7A4F7556}") = "Database.Entities", "Infrastructure\Database.Entities\Database.Entities.csproj", "{A3E9D3AB-A104-4289-AC8D-81A1206A6A21}"
EndProject
Project("{FAE04EC0-301F-11D3-BF4B-00C04F79EFBC}") = "UnitTests", "Tests\UnitTests\UnitTests.csproj", "{84228008-A6F2-4EC0-ADAA-05EC26E91F40}"
EndProject
Project("{FAE04EC0-301F-11D3-BF4B-00C04F79EFBC}") = "Cache", "Services\CacheService\Cache\Cache.csproj", "{2506D1A4-F40E-4814-9EC9-30FA20826207}"
EndProject
Project("{2150E333-8FDC-42A3-9474-1A3956D46DE8}") = "Tests", "Tests", "{C8F2E413-C715-4B73-935C-DBDB6391A0AB}"
EndProject
Project("{FAE04EC0-301F-11D3-BF4B-00C04F79EFBC}") = "Logging", "Shared\Logging\Logging.csproj", "{3D1ADBD9-558B-45B7-9C70-CC4A8B017A37}"
EndProject
Global
	GlobalSection(SolutionConfigurationPlatforms) = preSolution
		Debug|Any CPU = Debug|Any CPU
		Release|Any CPU = Release|Any CPU
	EndGlobalSection
	GlobalSection(ProjectConfigurationPlatforms) = postSolution
		{75639044-DA86-45C6-A8FC-C5D35881A55F}.Debug|Any CPU.ActiveCfg = Debug|Any CPU
		{75639044-DA86-45C6-A8FC-C5D35881A55F}.Debug|Any CPU.Build.0 = Debug|Any CPU
		{75639044-DA86-45C6-A8FC-C5D35881A55F}.Debug|Any CPU.Deploy.0 = Debug|Any CPU
		{75639044-DA86-45C6-A8FC-C5D35881A55F}.Release|Any CPU.ActiveCfg = Release|Any CPU
		{75639044-DA86-45C6-A8FC-C5D35881A55F}.Release|Any CPU.Build.0 = Release|Any CPU
		{75639044-DA86-45C6-A8FC-C5D35881A55F}.Release|Any CPU.Deploy.0 = Release|Any CPU
		{E4323B75-12E6-4AD1-B3E1-8FE203B0012C}.Debug|Any CPU.ActiveCfg = Debug|Any CPU
		{E4323B75-12E6-4AD1-B3E1-8FE203B0012C}.Debug|Any CPU.Build.0 = Debug|Any CPU
		{E4323B75-12E6-4AD1-B3E1-8FE203B0012C}.Release|Any CPU.ActiveCfg = Release|Any CPU
		{E4323B75-12E6-4AD1-B3E1-8FE203B0012C}.Release|Any CPU.Build.0 = Release|Any CPU
		{ACE63B17-0ED6-4941-AB59-4962C19EEF99}.Debug|Any CPU.ActiveCfg = Debug|Any CPU
		{ACE63B17-0ED6-4941-AB59-4962C19EEF99}.Debug|Any CPU.Build.0 = Debug|Any CPU
		{ACE63B17-0ED6-4941-AB59-4962C19EEF99}.Release|Any CPU.ActiveCfg = Release|Any CPU
		{ACE63B17-0ED6-4941-AB59-4962C19EEF99}.Release|Any CPU.Build.0 = Release|Any CPU
		{F342C1E7-0041-4FE1-8D7C-FBA591F06BE0}.Debug|Any CPU.ActiveCfg = Debug|Any CPU
		{F342C1E7-0041-4FE1-8D7C-FBA591F06BE0}.Debug|Any CPU.Build.0 = Debug|Any CPU
		{F342C1E7-0041-4FE1-8D7C-FBA591F06BE0}.Release|Any CPU.ActiveCfg = Release|Any CPU
		{F342C1E7-0041-4FE1-8D7C-FBA591F06BE0}.Release|Any CPU.Build.0 = Release|Any CPU
		{D0DF433F-3BD4-4F3B-82FE-F3B4516A9CE9}.Debug|Any CPU.ActiveCfg = Debug|Any CPU
		{D0DF433F-3BD4-4F3B-82FE-F3B4516A9CE9}.Debug|Any CPU.Build.0 = Debug|Any CPU
		{D0DF433F-3BD4-4F3B-82FE-F3B4516A9CE9}.Release|Any CPU.ActiveCfg = Release|Any CPU
		{D0DF433F-3BD4-4F3B-82FE-F3B4516A9CE9}.Release|Any CPU.Build.0 = Release|Any CPU
		{945ABF2C-3E0D-4DA6-8574-91FDB98ADCC2}.Debug|Any CPU.ActiveCfg = Debug|Any CPU
		{945ABF2C-3E0D-4DA6-8574-91FDB98ADCC2}.Debug|Any CPU.Build.0 = Debug|Any CPU
		{945ABF2C-3E0D-4DA6-8574-91FDB98ADCC2}.Release|Any CPU.ActiveCfg = Release|Any CPU
		{945ABF2C-3E0D-4DA6-8574-91FDB98ADCC2}.Release|Any CPU.Build.0 = Release|Any CPU
		{F8F06EF7-CC7E-4DC8-B51C-34FC79FF8D49}.Debug|Any CPU.ActiveCfg = Debug|Any CPU
		{F8F06EF7-CC7E-4DC8-B51C-34FC79FF8D49}.Debug|Any CPU.Build.0 = Debug|Any CPU
		{F8F06EF7-CC7E-4DC8-B51C-34FC79FF8D49}.Release|Any CPU.ActiveCfg = Release|Any CPU
		{F8F06EF7-CC7E-4DC8-B51C-34FC79FF8D49}.Release|Any CPU.Build.0 = Release|Any CPU
		{864AF730-E745-46AA-A3A9-99A371186912}.Debug|Any CPU.ActiveCfg = Debug|Any CPU
		{864AF730-E745-46AA-A3A9-99A371186912}.Debug|Any CPU.Build.0 = Debug|Any CPU
		{864AF730-E745-46AA-A3A9-99A371186912}.Release|Any CPU.ActiveCfg = Release|Any CPU
		{864AF730-E745-46AA-A3A9-99A371186912}.Release|Any CPU.Build.0 = Release|Any CPU
		{C8A074E3-4ECB-4382-8B85-5CACCF4687F0}.Debug|Any CPU.ActiveCfg = Debug|Any CPU
		{C8A074E3-4ECB-4382-8B85-5CACCF4687F0}.Debug|Any CPU.Build.0 = Debug|Any CPU
		{C8A074E3-4ECB-4382-8B85-5CACCF4687F0}.Release|Any CPU.ActiveCfg = Release|Any CPU
		{C8A074E3-4ECB-4382-8B85-5CACCF4687F0}.Release|Any CPU.Build.0 = Release|Any CPU
		{A3E9D3AB-A104-4289-AC8D-81A1206A6A21}.Debug|Any CPU.ActiveCfg = Debug|Any CPU
		{A3E9D3AB-A104-4289-AC8D-81A1206A6A21}.Debug|Any CPU.Build.0 = Debug|Any CPU
		{A3E9D3AB-A104-4289-AC8D-81A1206A6A21}.Release|Any CPU.ActiveCfg = Release|Any CPU
		{A3E9D3AB-A104-4289-AC8D-81A1206A6A21}.Release|Any CPU.Build.0 = Release|Any CPU
		{84228008-A6F2-4EC0-ADAA-05EC26E91F40}.Debug|Any CPU.ActiveCfg = Debug|Any CPU
		{84228008-A6F2-4EC0-ADAA-05EC26E91F40}.Debug|Any CPU.Build.0 = Debug|Any CPU
		{84228008-A6F2-4EC0-ADAA-05EC26E91F40}.Release|Any CPU.ActiveCfg = Release|Any CPU
		{84228008-A6F2-4EC0-ADAA-05EC26E91F40}.Release|Any CPU.Build.0 = Release|Any CPU
		{2506D1A4-F40E-4814-9EC9-30FA20826207}.Debug|Any CPU.ActiveCfg = Debug|Any CPU
		{2506D1A4-F40E-4814-9EC9-30FA20826207}.Debug|Any CPU.Build.0 = Debug|Any CPU
		{2506D1A4-F40E-4814-9EC9-30FA20826207}.Release|Any CPU.ActiveCfg = Release|Any CPU
		{2506D1A4-F40E-4814-9EC9-30FA20826207}.Release|Any CPU.Build.0 = Release|Any CPU
		{3D1ADBD9-558B-45B7-9C70-CC4A8B017A37}.Debug|Any CPU.ActiveCfg = Debug|Any CPU
		{3D1ADBD9-558B-45B7-9C70-CC4A8B017A37}.Debug|Any CPU.Build.0 = Debug|Any CPU
		{3D1ADBD9-558B-45B7-9C70-CC4A8B017A37}.Release|Any CPU.ActiveCfg = Release|Any CPU
		{3D1ADBD9-558B-45B7-9C70-CC4A8B017A37}.Release|Any CPU.Build.0 = Release|Any CPU
	EndGlobalSection
	GlobalSection(SolutionProperties) = preSolution
		HideSolutionNode = FALSE
	EndGlobalSection
	GlobalSection(NestedProjects) = preSolution
		{75639044-DA86-45C6-A8FC-C5D35881A55F} = {31DBACFE-9908-453C-BD97-C8E9F84BDDC3}
		{E4323B75-12E6-4AD1-B3E1-8FE203B0012C} = {1A97BB48-AC6D-462D-B4B9-87701202D4AF}
		{ACE63B17-0ED6-4941-AB59-4962C19EEF99} = {87A22F95-343F-49BE-80A4-852B3233CEB7}
		{F342C1E7-0041-4FE1-8D7C-FBA591F06BE0} = {7E3AF9A6-8DEB-4A8A-A6FB-A5B6C978356C}
		{D0DF433F-3BD4-4F3B-82FE-F3B4516A9CE9} = {AD918D43-1049-49BC-B130-E14D1D37698E}
		{945ABF2C-3E0D-4DA6-8574-91FDB98ADCC2} = {7E3AF9A6-8DEB-4A8A-A6FB-A5B6C978356C}
		{F8F06EF7-CC7E-4DC8-B51C-34FC79FF8D49} = {318D7960-49DB-4968-A759-B6C1310805D2}
		{864AF730-E745-46AA-A3A9-99A371186912} = {318D7960-49DB-4968-A759-B6C1310805D2}
		{C8A074E3-4ECB-4382-8B85-5CACCF4687F0} = {AD918D43-1049-49BC-B130-E14D1D37698E}
		{A3E9D3AB-A104-4289-AC8D-81A1206A6A21} = {7E3AF9A6-8DEB-4A8A-A6FB-A5B6C978356C}
		{84228008-A6F2-4EC0-ADAA-05EC26E91F40} = {C8F2E413-C715-4B73-935C-DBDB6391A0AB}
		{2506D1A4-F40E-4814-9EC9-30FA20826207} = {AD918D43-1049-49BC-B130-E14D1D37698E}
		{3D1ADBD9-558B-45B7-9C70-CC4A8B017A37} = {318D7960-49DB-4968-A759-B6C1310805D2}
	EndGlobalSection
	GlobalSection(ExtensibilityGlobals) = postSolution
		SolutionGuid = {5466C549-982A-40FE-88D5-C3DFC0D8CFF3}
	EndGlobalSection
EndGlobal
